PODS:
  - R.swift (5.3.0):
    - R.swift.Library (~> 5.3.0)
  - R.swift.Library (5.3.0)

DEPENDENCIES:
  - R.swift (= 5.3)

SPEC REPOS:
  trunk:
    - R.swift
    - R.swift.Library

SPEC CHECKSUMS:
  R.swift: 4170fb7161c67be3bc1a847040b79367d69c419f
  R.swift.Library: 0fc583cb55a99e28901299cc451614cad1161962

PODFILE CHECKSUM: 9b40b228d0e6dbd0a995c95da282f81554d166b9

COCOAPODS: 1.11.0
